
Microsoft Visual Studio Solution File, Format Version 12.00
# Visual Studio Version 16
VisualStudioVersion = 16.0.30611.23
MinimumVisualStudioVersion = 10.0.40219.1
Project("{FAE04EC0-301F-11D3-BF4B-00C04F79EFBC}") = "ProblemB", "ProblemB\ProblemB.csproj", "{AD122FE5-7947-47B9-837E-8665B5BC27D8}"
EndProject
Project("{FAE04EC0-301F-11D3-BF4B-00C04F79EFBC}") = "test", "test\test.csproj", "{B9FC3120-6286-47E4-A5FF-FF62F0ADD188}"
EndProject
Global
	GlobalSection(SolutionConfigurationPlatforms) = preSolution
		Debug|Any CPU = Debug|Any CPU
		Release|Any CPU = Release|Any CPU
	EndGlobalSection
	GlobalSection(ProjectConfigurationPlatforms) = postSolution
		{AD122FE5-7947-47B9-837E-8665B5BC27D8}.Debug|Any CPU.ActiveCfg = Debug|Any CPU
		{AD122FE5-7947-47B9-837E-8665B5BC27D8}.Debug|Any CPU.Build.0 = Debug|Any CPU
		{AD122FE5-7947-47B9-837E-8665B5BC27D8}.Release|Any CPU.ActiveCfg = Release|Any CPU
		{AD122FE5-7947-47B9-837E-8665B5BC27D8}.Release|Any CPU.Build.0 = Release|Any CPU
		{B9FC3120-6286-47E4-A5FF-FF62F0ADD188}.Debug|Any CPU.ActiveCfg = Debug|Any CPU
		{B9FC3120-6286-47E4-A5FF-FF62F0ADD188}.Debug|Any CPU.Build.0 = Debug|Any CPU
		{B9FC3120-6286-47E4-A5FF-FF62F0ADD188}.Release|Any CPU.ActiveCfg = Release|Any CPU
		{B9FC3120-6286-47E4-A5FF-FF62F0ADD188}.Release|Any CPU.Build.0 = Release|Any CPU
	EndGlobalSection
	GlobalSection(SolutionProperties) = preSolution
		HideSolutionNode = FALSE
	EndGlobalSection
	GlobalSection(ExtensibilityGlobals) = postSolution
		SolutionGuid = {2B0F8797-DFB0-48ED-82B7-E3AA5920A219}
	EndGlobalSection
EndGlobal
